
Microsoft Visual Studio Solution File, Format Version 12.00
# Visual Studio Version 16
VisualStudioVersion = 16.0.29306.81
MinimumVisualStudioVersion = 10.0.40219.1
Project("{2150E333-8FDC-42A3-9474-1A3956D46DE8}") = "src", "src", "{B5E084E6-3172-4297-BEDB-AE27FD75B093}"
EndProject
Project("{2150E333-8FDC-42A3-9474-1A3956D46DE8}") = "Services", "Services", "{EC9AA1D6-69AD-4E9E-884A-7882F6E6990B}"
EndProject
Project("{2150E333-8FDC-42A3-9474-1A3956D46DE8}") = "MathAgent", "MathAgent", "{40FCD8C8-10C4-470C-B72B-FA502344290F}"
EndProject
Project("{9A19103F-16F7-4668-BE54-9A1E7A4F7556}") = "Math.API", "Math.API\Math.API.csproj", "{5E7EC0A9-BE28-428C-A24C-45510BB0C3B1}"
EndProject
Project("{2150E333-8FDC-42A3-9474-1A3956D46DE8}") = "MathWorker", "MathWorker", "{CD8F9B38-7BBC-4B72-A2D6-54D667066B09}"
EndProject
Project("{9A19103F-16F7-4668-BE54-9A1E7A4F7556}") = "Math.Console.App", "Math.Console.App\Math.Console.App.csproj", "{3F77F2E2-CBF2-4A57-9690-6B40846F29BA}"
EndProject
Project("{2150E333-8FDC-42A3-9474-1A3956D46DE8}") = "BuildingBlocks", "BuildingBlocks", "{159500E5-1B12-4C35-9B60-B723FAC4B495}"
EndProject
Project("{2150E333-8FDC-42A3-9474-1A3956D46DE8}") = "ListenerService", "ListenerService", "{F376A496-BACF-4468-B87E-FD58EBFC9F3D}"
EndProject
Project("{FAE04EC0-301F-11D3-BF4B-00C04F79EFBC}") = "Listener", "Listener\Listener.csproj", "{19191224-8621-4290-8E9D-EAF097DA07F4}"
EndProject
Global
	GlobalSection(SolutionConfigurationPlatforms) = preSolution
		Debug|Any CPU = Debug|Any CPU
		Release|Any CPU = Release|Any CPU
	EndGlobalSection
	GlobalSection(ProjectConfigurationPlatforms) = postSolution
		{5E7EC0A9-BE28-428C-A24C-45510BB0C3B1}.Debug|Any CPU.ActiveCfg = Debug|Any CPU
		{5E7EC0A9-BE28-428C-A24C-45510BB0C3B1}.Debug|Any CPU.Build.0 = Debug|Any CPU
		{5E7EC0A9-BE28-428C-A24C-45510BB0C3B1}.Release|Any CPU.ActiveCfg = Release|Any CPU
		{5E7EC0A9-BE28-428C-A24C-45510BB0C3B1}.Release|Any CPU.Build.0 = Release|Any CPU
		{3F77F2E2-CBF2-4A57-9690-6B40846F29BA}.Debug|Any CPU.ActiveCfg = Debug|Any CPU
		{3F77F2E2-CBF2-4A57-9690-6B40846F29BA}.Debug|Any CPU.Build.0 = Debug|Any CPU
		{3F77F2E2-CBF2-4A57-9690-6B40846F29BA}.Release|Any CPU.ActiveCfg = Release|Any CPU
		{3F77F2E2-CBF2-4A57-9690-6B40846F29BA}.Release|Any CPU.Build.0 = Release|Any CPU
		{19191224-8621-4290-8E9D-EAF097DA07F4}.Debug|Any CPU.ActiveCfg = Debug|Any CPU
		{19191224-8621-4290-8E9D-EAF097DA07F4}.Debug|Any CPU.Build.0 = Debug|Any CPU
		{19191224-8621-4290-8E9D-EAF097DA07F4}.Release|Any CPU.ActiveCfg = Release|Any CPU
		{19191224-8621-4290-8E9D-EAF097DA07F4}.Release|Any CPU.Build.0 = Release|Any CPU
	EndGlobalSection
	GlobalSection(SolutionProperties) = preSolution
		HideSolutionNode = FALSE
	EndGlobalSection
	GlobalSection(NestedProjects) = preSolution
		{EC9AA1D6-69AD-4E9E-884A-7882F6E6990B} = {B5E084E6-3172-4297-BEDB-AE27FD75B093}
		{40FCD8C8-10C4-470C-B72B-FA502344290F} = {EC9AA1D6-69AD-4E9E-884A-7882F6E6990B}
		{5E7EC0A9-BE28-428C-A24C-45510BB0C3B1} = {40FCD8C8-10C4-470C-B72B-FA502344290F}
		{CD8F9B38-7BBC-4B72-A2D6-54D667066B09} = {EC9AA1D6-69AD-4E9E-884A-7882F6E6990B}
		{3F77F2E2-CBF2-4A57-9690-6B40846F29BA} = {CD8F9B38-7BBC-4B72-A2D6-54D667066B09}
		{159500E5-1B12-4C35-9B60-B723FAC4B495} = {B5E084E6-3172-4297-BEDB-AE27FD75B093}
		{F376A496-BACF-4468-B87E-FD58EBFC9F3D} = {159500E5-1B12-4C35-9B60-B723FAC4B495}
		{19191224-8621-4290-8E9D-EAF097DA07F4} = {F376A496-BACF-4468-B87E-FD58EBFC9F3D}
	EndGlobalSection
	GlobalSection(ExtensibilityGlobals) = postSolution
		SolutionGuid = {D5F75565-485F-44EF-965A-0D21200A46AB}
	EndGlobalSection
EndGlobal
